
Microsoft Visual Studio Solution File, Format Version 12.00
# Visual Studio 15
VisualStudioVersion = 15.0.27703.2047
MinimumVisualStudioVersion = 10.0.40219.1
Project("{FAE04EC0-301F-11D3-BF4B-00C04F79EFBC}") = "ConsoleSpeech01", "ConsoleSpeech01\ConsoleSpeech01.csproj", "{4F4B2E10-2169-4A5E-A465-F2C4382414F9}"
EndProject
Global
	GlobalSection(SolutionConfigurationPlatforms) = preSolution
		Debug|Any CPU = Debug|Any CPU
		Release|Any CPU = Release|Any CPU
	EndGlobalSection
	GlobalSection(ProjectConfigurationPlatforms) = postSolution
		{4F4B2E10-2169-4A5E-A465-F2C4382414F9}.Debug|Any CPU.ActiveCfg = Debug|Any CPU
		{4F4B2E10-2169-4A5E-A465-F2C4382414F9}.Debug|Any CPU.Build.0 = Debug|Any CPU
		{4F4B2E10-2169-4A5E-A465-F2C4382414F9}.Release|Any CPU.ActiveCfg = Release|Any CPU
		{4F4B2E10-2169-4A5E-A465-F2C4382414F9}.Release|Any CPU.Build.0 = Release|Any CPU
	EndGlobalSection
	GlobalSection(SolutionProperties) = preSolution
		HideSolutionNode = FALSE
	EndGlobalSection
	GlobalSection(ExtensibilityGlobals) = postSolution
		SolutionGuid = {362862DD-4DE3-4145-823B-2B08DEB34D80}
	EndGlobalSection
EndGlobal
